Microsoft Visual Studio Solution File, Format Version 12.00
# Visual Studio 15
VisualStudioVersion = 15.0.26124.0
MinimumVisualStudioVersion = 15.0.26124.0
Project("{9A19103F-16F7-4668-BE54-9A1E7A4F7556}") = "QuantConnect.Queues.VS17", "Queues\QuantConnect.Queues.VS17.csproj", "{5C2CDD86-E4C9-477F-84BA-C99A30E6CA17}"
EndProject
Project("{9A19103F-16F7-4668-BE54-9A1E7A4F7556}") = "QuantConnect.Messaging.VS17", "Messaging\QuantConnect.Messaging.VS17.csproj", "{4C96B5EC-A068-44BD-A9A0-1EB98189430E}"
EndProject
Project("{9A19103F-16F7-4668-BE54-9A1E7A4F7556}") = "QuantConnect.Algorithm.VS17", "Algorithm\QuantConnect.Algorithm.VS17.csproj", "{877EB8B5-6EF6-4AAC-A817-ACAF25A4587F}"
EndProject
Project("{9A19103F-16F7-4668-BE54-9A1E7A4F7556}") = "QuantConnect.Algorithm.CSharp.VS17", "Algorithm.CSharp\QuantConnect.Algorithm.CSharp.VS17.csproj", "{3597C28D-DCDC-45CD-82FC-DA486F39EF7A}"
EndProject
Project("{9A19103F-16F7-4668-BE54-9A1E7A4F7556}") = "QuantConnect.Algorithm.Framework.VS17", "Algorithm.Framework\QuantConnect.Algorithm.Framework.VS17.csproj", "{B21B48C9-B5DC-4C61-AA37-82E650F4AA47}"
EndProject
Project("{6EC3EE1D-3C4E-46DD-8F32-0CC8E7565705}") = "QuantConnect.Algorithm.FSharp.VS17", "Algorithm.FSharp\QuantConnect.Algorithm.FSharp.VS17.fsproj", "{BCE2DD26-24FF-458B-9337-923D71AF3B9D}"
EndProject
Project("{9A19103F-16F7-4668-BE54-9A1E7A4F7556}") = "QuantConnect.AlgorithmFactory.VS17", "AlgorithmFactory\QuantConnect.AlgorithmFactory.VS17.csproj", "{0F4A3B2E-1B6B-4BDA-97DA-2DA88E2EC90B}"
EndProject
Project("{9A19103F-16F7-4668-BE54-9A1E7A4F7556}") = "QuantConnect.Api.VS17", "Api\QuantConnect.Api.VS17.csproj", "{2623D459-0A80-4689-ACC1-170BE9CF3CC4}"
EndProject
Project("{9A19103F-16F7-4668-BE54-9A1E7A4F7556}") = "QuantConnect.Brokerages.VS17", "Brokerages\QuantConnect.Brokerages.VS17.csproj", "{3A97BF87-7AE2-4592-9733-67EC62380EBE}"
EndProject
Project("{9A19103F-16F7-4668-BE54-9A1E7A4F7556}") = "QuantConnect.VS17", "Common\QuantConnect.VS17.csproj", "{0D48A0C8-D09E-4FEE-9721-67B77265BBA8}"
EndProject
Project("{9A19103F-16F7-4668-BE54-9A1E7A4F7556}") = "QuantConnect.Compression.VS17", "Compression\QuantConnect.Compression.VS17.csproj", "{574A695E-CB19-4956-A4C5-83B3C02105CF}"
EndProject
Project("{9A19103F-16F7-4668-BE54-9A1E7A4F7556}") = "QuantConnect.Configuration.VS17", "Configuration\QuantConnect.Configuration.VS17.csproj", "{BE5006BB-8D03-469A-AAB6-9183D1F7DA44}"
EndProject
Project("{9A19103F-16F7-4668-BE54-9A1E7A4F7556}") = "QuantConnect.Lean.Engine.VS17", "Engine\QuantConnect.Lean.Engine.VS17.csproj", "{BDB307EA-705B-4761-A433-F605C38AB80F}"
EndProject
Project("{9A19103F-16F7-4668-BE54-9A1E7A4F7556}") = "QuantConnect.Indicators.VS17", "Indicators\QuantConnect.Indicators.VS17.csproj", "{F697997F-23B0-49DC-8A06-0F448AA31E30}"
EndProject
Project("{9A19103F-16F7-4668-BE54-9A1E7A4F7556}") = "QuantConnect.Jupyter.VS17", "Jupyter\QuantConnect.Jupyter.VS17.csproj", "{708CEB30-D819-4A5B-993A-BA9A143D3607}"
EndProject
Project("{9A19103F-16F7-4668-BE54-9A1E7A4F7556}") = "QuantConnect.Lean.Launcher.VS17", "Launcher\QuantConnect.Lean.Launcher.VS17.csproj", "{1813D0E3-90F9-4F9A-8754-85FDEA51B58F}"
EndProject
Project("{9A19103F-16F7-4668-BE54-9A1E7A4F7556}") = "QuantConnect.Logging.VS17", "Logging\QuantConnect.Logging.VS17.csproj", "{EF70ED11-B5F6-4827-B6F5-7D72FDFCCDFD}"
EndProject
Project("{9A19103F-16F7-4668-BE54-9A1E7A4F7556}") = "QuantConnect.Tests.VS17", "Tests\QuantConnect.Tests.VS17.csproj", "{9D6DE252-8A83-4B32-8831-4E4EDA609814}"
EndProject
Project("{9A19103F-16F7-4668-BE54-9A1E7A4F7556}") = "QuantConnect.ToolBox.VS17", "ToolBox\QuantConnect.ToolBox.VS17.csproj", "{06FF750D-64EA-4E32-92EC-A71D3B5376C3}"
EndProject
Global
	GlobalSection(SolutionConfigurationPlatforms) = preSolution
		Debug|Any CPU = Debug|Any CPU
		Debug|x64 = Debug|x64
		Debug|x86 = Debug|x86
		Release|Any CPU = Release|Any CPU
		Release|x64 = Release|x64
		Release|x86 = Release|x86
	EndGlobalSection
	GlobalSection(ProjectConfigurationPlatforms) = postSolution
		{5C2CDD86-E4C9-477F-84BA-C99A30E6CA17}.Debug|Any CPU.ActiveCfg = Debug|Any CPU
		{5C2CDD86-E4C9-477F-84BA-C99A30E6CA17}.Debug|Any CPU.Build.0 = Debug|Any CPU
		{5C2CDD86-E4C9-477F-84BA-C99A30E6CA17}.Debug|x64.ActiveCfg = Debug|Any CPU
		{5C2CDD86-E4C9-477F-84BA-C99A30E6CA17}.Debug|x64.Build.0 = Debug|Any CPU
		{5C2CDD86-E4C9-477F-84BA-C99A30E6CA17}.Debug|x86.ActiveCfg = Debug|Any CPU
		{5C2CDD86-E4C9-477F-84BA-C99A30E6CA17}.Debug|x86.Build.0 = Debug|Any CPU
		{5C2CDD86-E4C9-477F-84BA-C99A30E6CA17}.Release|Any CPU.ActiveCfg = Release|Any CPU
		{5C2CDD86-E4C9-477F-84BA-C99A30E6CA17}.Release|Any CPU.Build.0 = Release|Any CPU
		{5C2CDD86-E4C9-477F-84BA-C99A30E6CA17}.Release|x64.ActiveCfg = Release|Any CPU
		{5C2CDD86-E4C9-477F-84BA-C99A30E6CA17}.Release|x64.Build.0 = Release|Any CPU
		{5C2CDD86-E4C9-477F-84BA-C99A30E6CA17}.Release|x86.ActiveCfg = Release|Any CPU
		{5C2CDD86-E4C9-477F-84BA-C99A30E6CA17}.Release|x86.Build.0 = Release|Any CPU
		{4C96B5EC-A068-44BD-A9A0-1EB98189430E}.Debug|Any CPU.ActiveCfg = Debug|Any CPU
		{4C96B5EC-A068-44BD-A9A0-1EB98189430E}.Debug|Any CPU.Build.0 = Debug|Any CPU
		{4C96B5EC-A068-44BD-A9A0-1EB98189430E}.Debug|x64.ActiveCfg = Debug|Any CPU
		{4C96B5EC-A068-44BD-A9A0-1EB98189430E}.Debug|x64.Build.0 = Debug|Any CPU
		{4C96B5EC-A068-44BD-A9A0-1EB98189430E}.Debug|x86.ActiveCfg = Debug|Any CPU
		{4C96B5EC-A068-44BD-A9A0-1EB98189430E}.Debug|x86.Build.0 = Debug|Any CPU
		{4C96B5EC-A068-44BD-A9A0-1EB98189430E}.Release|Any CPU.ActiveCfg = Release|Any CPU
		{4C96B5EC-A068-44BD-A9A0-1EB98189430E}.Release|Any CPU.Build.0 = Release|Any CPU
		{4C96B5EC-A068-44BD-A9A0-1EB98189430E}.Release|x64.ActiveCfg = Release|Any CPU
		{4C96B5EC-A068-44BD-A9A0-1EB98189430E}.Release|x64.Build.0 = Release|Any CPU
		{4C96B5EC-A068-44BD-A9A0-1EB98189430E}.Release|x86.ActiveCfg = Release|Any CPU
		{4C96B5EC-A068-44BD-A9A0-1EB98189430E}.Release|x86.Build.0 = Release|Any CPU
		{877EB8B5-6EF6-4AAC-A817-ACAF25A4587F}.Debug|Any CPU.ActiveCfg = Debug|Any CPU
		{877EB8B5-6EF6-4AAC-A817-ACAF25A4587F}.Debug|Any CPU.Build.0 = Debug|Any CPU
		{877EB8B5-6EF6-4AAC-A817-ACAF25A4587F}.Debug|x64.ActiveCfg = Debug|Any CPU
		{877EB8B5-6EF6-4AAC-A817-ACAF25A4587F}.Debug|x64.Build.0 = Debug|Any CPU
		{877EB8B5-6EF6-4AAC-A817-ACAF25A4587F}.Debug|x86.ActiveCfg = Debug|Any CPU
		{877EB8B5-6EF6-4AAC-A817-ACAF25A4587F}.Debug|x86.Build.0 = Debug|Any CPU
		{877EB8B5-6EF6-4AAC-A817-ACAF25A4587F}.Release|Any CPU.ActiveCfg = Release|Any CPU
		{877EB8B5-6EF6-4AAC-A817-ACAF25A4587F}.Release|Any CPU.Build.0 = Release|Any CPU
		{877EB8B5-6EF6-4AAC-A817-ACAF25A4587F}.Release|x64.ActiveCfg = Release|Any CPU
		{877EB8B5-6EF6-4AAC-A817-ACAF25A4587F}.Release|x64.Build.0 = Release|Any CPU
		{877EB8B5-6EF6-4AAC-A817-ACAF25A4587F}.Release|x86.ActiveCfg = Release|Any CPU
		{877EB8B5-6EF6-4AAC-A817-ACAF25A4587F}.Release|x86.Build.0 = Release|Any CPU
		{3597C28D-DCDC-45CD-82FC-DA486F39EF7A}.Debug|Any CPU.ActiveCfg = Debug|Any CPU
		{3597C28D-DCDC-45CD-82FC-DA486F39EF7A}.Debug|Any CPU.Build.0 = Debug|Any CPU
		{3597C28D-DCDC-45CD-82FC-DA486F39EF7A}.Debug|x64.ActiveCfg = Debug|Any CPU
		{3597C28D-DCDC-45CD-82FC-DA486F39EF7A}.Debug|x64.Build.0 = Debug|Any CPU
		{3597C28D-DCDC-45CD-82FC-DA486F39EF7A}.Debug|x86.ActiveCfg = Debug|Any CPU
		{3597C28D-DCDC-45CD-82FC-DA486F39EF7A}.Debug|x86.Build.0 = Debug|Any CPU
		{3597C28D-DCDC-45CD-82FC-DA486F39EF7A}.Release|Any CPU.ActiveCfg = Release|Any CPU
		{3597C28D-DCDC-45CD-82FC-DA486F39EF7A}.Release|Any CPU.Build.0 = Release|Any CPU
		{3597C28D-DCDC-45CD-82FC-DA486F39EF7A}.Release|x64.ActiveCfg = Release|Any CPU
		{3597C28D-DCDC-45CD-82FC-DA486F39EF7A}.Release|x64.Build.0 = Release|Any CPU
		{3597C28D-DCDC-45CD-82FC-DA486F39EF7A}.Release|x86.ActiveCfg = Release|Any CPU
		{3597C28D-DCDC-45CD-82FC-DA486F39EF7A}.Release|x86.Build.0 = Release|Any CPU
		{B21B48C9-B5DC-4C61-AA37-82E650F4AA47}.Debug|Any CPU.ActiveCfg = Debug|Any CPU
		{B21B48C9-B5DC-4C61-AA37-82E650F4AA47}.Debug|Any CPU.Build.0 = Debug|Any CPU
		{B21B48C9-B5DC-4C61-AA37-82E650F4AA47}.Debug|x64.ActiveCfg = Debug|Any CPU
		{B21B48C9-B5DC-4C61-AA37-82E650F4AA47}.Debug|x64.Build.0 = Debug|Any CPU
		{B21B48C9-B5DC-4C61-AA37-82E650F4AA47}.Debug|x86.ActiveCfg = Debug|Any CPU
		{B21B48C9-B5DC-4C61-AA37-82E650F4AA47}.Debug|x86.Build.0 = Debug|Any CPU
		{B21B48C9-B5DC-4C61-AA37-82E650F4AA47}.Release|Any CPU.ActiveCfg = Release|Any CPU
		{B21B48C9-B5DC-4C61-AA37-82E650F4AA47}.Release|Any CPU.Build.0 = Release|Any CPU
		{B21B48C9-B5DC-4C61-AA37-82E650F4AA47}.Release|x64.ActiveCfg = Release|Any CPU
		{B21B48C9-B5DC-4C61-AA37-82E650F4AA47}.Release|x64.Build.0 = Release|Any CPU
		{B21B48C9-B5DC-4C61-AA37-82E650F4AA47}.Release|x86.ActiveCfg = Release|Any CPU
		{B21B48C9-B5DC-4C61-AA37-82E650F4AA47}.Release|x86.Build.0 = Release|Any CPU
		{BCE2DD26-24FF-458B-9337-923D71AF3B9D}.Debug|Any CPU.ActiveCfg = Debug|Any CPU
		{BCE2DD26-24FF-458B-9337-923D71AF3B9D}.Debug|Any CPU.Build.0 = Debug|Any CPU
		{BCE2DD26-24FF-458B-9337-923D71AF3B9D}.Debug|x64.ActiveCfg = Debug|Any CPU
		{BCE2DD26-24FF-458B-9337-923D71AF3B9D}.Debug|x64.Build.0 = Debug|Any CPU
		{BCE2DD26-24FF-458B-9337-923D71AF3B9D}.Debug|x86.ActiveCfg = Debug|Any CPU
		{BCE2DD26-24FF-458B-9337-923D71AF3B9D}.Debug|x86.Build.0 = Debug|Any CPU
		{BCE2DD26-24FF-458B-9337-923D71AF3B9D}.Release|Any CPU.ActiveCfg = Release|Any CPU
		{BCE2DD26-24FF-458B-9337-923D71AF3B9D}.Release|Any CPU.Build.0 = Release|Any CPU
		{BCE2DD26-24FF-458B-9337-923D71AF3B9D}.Release|x64.ActiveCfg = Release|Any CPU
		{BCE2DD26-24FF-458B-9337-923D71AF3B9D}.Release|x64.Build.0 = Release|Any CPU
		{BCE2DD26-24FF-458B-9337-923D71AF3B9D}.Release|x86.ActiveCfg = Release|Any CPU
		{BCE2DD26-24FF-458B-9337-923D71AF3B9D}.Release|x86.Build.0 = Release|Any CPU
		{0F4A3B2E-1B6B-4BDA-97DA-2DA88E2EC90B}.Debug|Any CPU.ActiveCfg = Debug|Any CPU
		{0F4A3B2E-1B6B-4BDA-97DA-2DA88E2EC90B}.Debug|Any CPU.Build.0 = Debug|Any CPU
		{0F4A3B2E-1B6B-4BDA-97DA-2DA88E2EC90B}.Debug|x64.ActiveCfg = Debug|Any CPU
		{0F4A3B2E-1B6B-4BDA-97DA-2DA88E2EC90B}.Debug|x64.Build.0 = Debug|Any CPU
		{0F4A3B2E-1B6B-4BDA-97DA-2DA88E2EC90B}.Debug|x86.ActiveCfg = Debug|Any CPU
		{0F4A3B2E-1B6B-4BDA-97DA-2DA88E2EC90B}.Debug|x86.Build.0 = Debug|Any CPU
		{0F4A3B2E-1B6B-4BDA-97DA-2DA88E2EC90B}.Release|Any CPU.ActiveCfg = Release|Any CPU
		{0F4A3B2E-1B6B-4BDA-97DA-2DA88E2EC90B}.Release|Any CPU.Build.0 = Release|Any CPU
		{0F4A3B2E-1B6B-4BDA-97DA-2DA88E2EC90B}.Release|x64.ActiveCfg = Release|Any CPU
		{0F4A3B2E-1B6B-4BDA-97DA-2DA88E2EC90B}.Release|x64.Build.0 = Release|Any CPU
		{0F4A3B2E-1B6B-4BDA-97DA-2DA88E2EC90B}.Release|x86.ActiveCfg = Release|Any CPU
		{0F4A3B2E-1B6B-4BDA-97DA-2DA88E2EC90B}.Release|x86.Build.0 = Release|Any CPU
		{2623D459-0A80-4689-ACC1-170BE9CF3CC4}.Debug|Any CPU.ActiveCfg = Debug|Any CPU
		{2623D459-0A80-4689-ACC1-170BE9CF3CC4}.Debug|Any CPU.Build.0 = Debug|Any CPU
		{2623D459-0A80-4689-ACC1-170BE9CF3CC4}.Debug|x64.ActiveCfg = Debug|Any CPU
		{2623D459-0A80-4689-ACC1-170BE9CF3CC4}.Debug|x64.Build.0 = Debug|Any CPU
		{2623D459-0A80-4689-ACC1-170BE9CF3CC4}.Debug|x86.ActiveCfg = Debug|Any CPU
		{2623D459-0A80-4689-ACC1-170BE9CF3CC4}.Debug|x86.Build.0 = Debug|Any CPU
		{2623D459-0A80-4689-ACC1-170BE9CF3CC4}.Release|Any CPU.ActiveCfg = Release|Any CPU
		{2623D459-0A80-4689-ACC1-170BE9CF3CC4}.Release|Any CPU.Build.0 = Release|Any CPU
		{2623D459-0A80-4689-ACC1-170BE9CF3CC4}.Release|x64.ActiveCfg = Release|Any CPU
		{2623D459-0A80-4689-ACC1-170BE9CF3CC4}.Release|x64.Build.0 = Release|Any CPU
		{2623D459-0A80-4689-ACC1-170BE9CF3CC4}.Release|x86.ActiveCfg = Release|Any CPU
		{2623D459-0A80-4689-ACC1-170BE9CF3CC4}.Release|x86.Build.0 = Release|Any CPU
		{3A97BF87-7AE2-4592-9733-67EC62380EBE}.Debug|Any CPU.ActiveCfg = Debug|Any CPU
		{3A97BF87-7AE2-4592-9733-67EC62380EBE}.Debug|Any CPU.Build.0 = Debug|Any CPU
		{3A97BF87-7AE2-4592-9733-67EC62380EBE}.Debug|x64.ActiveCfg = Debug|Any CPU
		{3A97BF87-7AE2-4592-9733-67EC62380EBE}.Debug|x64.Build.0 = Debug|Any CPU
		{3A97BF87-7AE2-4592-9733-67EC62380EBE}.Debug|x86.ActiveCfg = Debug|Any CPU
		{3A97BF87-7AE2-4592-9733-67EC62380EBE}.Debug|x86.Build.0 = Debug|Any CPU
		{3A97BF87-7AE2-4592-9733-67EC62380EBE}.Release|Any CPU.ActiveCfg = Release|Any CPU
		{3A97BF87-7AE2-4592-9733-67EC62380EBE}.Release|Any CPU.Build.0 = Release|Any CPU
		{3A97BF87-7AE2-4592-9733-67EC62380EBE}.Release|x64.ActiveCfg = Release|Any CPU
		{3A97BF87-7AE2-4592-9733-67EC62380EBE}.Release|x64.Build.0 = Release|Any CPU
		{3A97BF87-7AE2-4592-9733-67EC62380EBE}.Release|x86.ActiveCfg = Release|Any CPU
		{3A97BF87-7AE2-4592-9733-67EC62380EBE}.Release|x86.Build.0 = Release|Any CPU
		{0D48A0C8-D09E-4FEE-9721-67B77265BBA8}.Debug|Any CPU.ActiveCfg = Debug|Any CPU
		{0D48A0C8-D09E-4FEE-9721-67B77265BBA8}.Debug|Any CPU.Build.0 = Debug|Any CPU
		{0D48A0C8-D09E-4FEE-9721-67B77265BBA8}.Debug|x64.ActiveCfg = Debug|Any CPU
		{0D48A0C8-D09E-4FEE-9721-67B77265BBA8}.Debug|x64.Build.0 = Debug|Any CPU
		{0D48A0C8-D09E-4FEE-9721-67B77265BBA8}.Debug|x86.ActiveCfg = Debug|Any CPU
		{0D48A0C8-D09E-4FEE-9721-67B77265BBA8}.Debug|x86.Build.0 = Debug|Any CPU
		{0D48A0C8-D09E-4FEE-9721-67B77265BBA8}.Release|Any CPU.ActiveCfg = Release|Any CPU
		{0D48A0C8-D09E-4FEE-9721-67B77265BBA8}.Release|Any CPU.Build.0 = Release|Any CPU
		{0D48A0C8-D09E-4FEE-9721-67B77265BBA8}.Release|x64.ActiveCfg = Release|Any CPU
		{0D48A0C8-D09E-4FEE-9721-67B77265BBA8}.Release|x64.Build.0 = Release|Any CPU
		{0D48A0C8-D09E-4FEE-9721-67B77265BBA8}.Release|x86.ActiveCfg = Release|Any CPU
		{0D48A0C8-D09E-4FEE-9721-67B77265BBA8}.Release|x86.Build.0 = Release|Any CPU
		{574A695E-CB19-4956-A4C5-83B3C02105CF}.Debug|Any CPU.ActiveCfg = Debug|Any CPU
		{574A695E-CB19-4956-A4C5-83B3C02105CF}.Debug|Any CPU.Build.0 = Debug|Any CPU
		{574A695E-CB19-4956-A4C5-83B3C02105CF}.Debug|x64.ActiveCfg = Debug|Any CPU
		{574A695E-CB19-4956-A4C5-83B3C02105CF}.Debug|x64.Build.0 = Debug|Any CPU
		{574A695E-CB19-4956-A4C5-83B3C02105CF}.Debug|x86.ActiveCfg = Debug|Any CPU
		{574A695E-CB19-4956-A4C5-83B3C02105CF}.Debug|x86.Build.0 = Debug|Any CPU
		{574A695E-CB19-4956-A4C5-83B3C02105CF}.Release|Any CPU.ActiveCfg = Release|Any CPU
		{574A695E-CB19-4956-A4C5-83B3C02105CF}.Release|Any CPU.Build.0 = Release|Any CPU
		{574A695E-CB19-4956-A4C5-83B3C02105CF}.Release|x64.ActiveCfg = Release|Any CPU
		{574A695E-CB19-4956-A4C5-83B3C02105CF}.Release|x64.Build.0 = Release|Any CPU
		{574A695E-CB19-4956-A4C5-83B3C02105CF}.Release|x86.ActiveCfg = Release|Any CPU
		{574A695E-CB19-4956-A4C5-83B3C02105CF}.Release|x86.Build.0 = Release|Any CPU
		{BE5006BB-8D03-469A-AAB6-9183D1F7DA44}.Debug|Any CPU.ActiveCfg = Debug|Any CPU
		{BE5006BB-8D03-469A-AAB6-9183D1F7DA44}.Debug|Any CPU.Build.0 = Debug|Any CPU
		{BE5006BB-8D03-469A-AAB6-9183D1F7DA44}.Debug|x64.ActiveCfg = Debug|Any CPU
		{BE5006BB-8D03-469A-AAB6-9183D1F7DA44}.Debug|x64.Build.0 = Debug|Any CPU
		{BE5006BB-8D03-469A-AAB6-9183D1F7DA44}.Debug|x86.ActiveCfg = Debug|Any CPU
		{BE5006BB-8D03-469A-AAB6-9183D1F7DA44}.Debug|x86.Build.0 = Debug|Any CPU
		{BE5006BB-8D03-469A-AAB6-9183D1F7DA44}.Release|Any CPU.ActiveCfg = Release|Any CPU
		{BE5006BB-8D03-469A-AAB6-9183D1F7DA44}.Release|Any CPU.Build.0 = Release|Any CPU
		{BE5006BB-8D03-469A-AAB6-9183D1F7DA44}.Release|x64.ActiveCfg = Release|Any CPU
		{BE5006BB-8D03-469A-AAB6-9183D1F7DA44}.Release|x64.Build.0 = Release|Any CPU
		{BE5006BB-8D03-469A-AAB6-9183D1F7DA44}.Release|x86.ActiveCfg = Release|Any CPU
		{BE5006BB-8D03-469A-AAB6-9183D1F7DA44}.Release|x86.Build.0 = Release|Any CPU
		{BDB307EA-705B-4761-A433-F605C38AB80F}.Debug|Any CPU.ActiveCfg = Debug|Any CPU
		{BDB307EA-705B-4761-A433-F605C38AB80F}.Debug|Any CPU.Build.0 = Debug|Any CPU
		{BDB307EA-705B-4761-A433-F605C38AB80F}.Debug|x64.ActiveCfg = Debug|Any CPU
		{BDB307EA-705B-4761-A433-F605C38AB80F}.Debug|x64.Build.0 = Debug|Any CPU
		{BDB307EA-705B-4761-A433-F605C38AB80F}.Debug|x86.ActiveCfg = Debug|Any CPU
		{BDB307EA-705B-4761-A433-F605C38AB80F}.Debug|x86.Build.0 = Debug|Any CPU
		{BDB307EA-705B-4761-A433-F605C38AB80F}.Release|Any CPU.ActiveCfg = Release|Any CPU
		{BDB307EA-705B-4761-A433-F605C38AB80F}.Release|Any CPU.Build.0 = Release|Any CPU
		{BDB307EA-705B-4761-A433-F605C38AB80F}.Release|x64.ActiveCfg = Release|Any CPU
		{BDB307EA-705B-4761-A433-F605C38AB80F}.Release|x64.Build.0 = Release|Any CPU
		{BDB307EA-705B-4761-A433-F605C38AB80F}.Release|x86.ActiveCfg = Release|Any CPU
		{BDB307EA-705B-4761-A433-F605C38AB80F}.Release|x86.Build.0 = Release|Any CPU
		{F697997F-23B0-49DC-8A06-0F448AA31E30}.Debug|Any CPU.ActiveCfg = Debug|Any CPU
		{F697997F-23B0-49DC-8A06-0F448AA31E30}.Debug|Any CPU.Build.0 = Debug|Any CPU
		{F697997F-23B0-49DC-8A06-0F448AA31E30}.Debug|x64.ActiveCfg = Debug|Any CPU
		{F697997F-23B0-49DC-8A06-0F448AA31E30}.Debug|x64.Build.0 = Debug|Any CPU
		{F697997F-23B0-49DC-8A06-0F448AA31E30}.Debug|x86.ActiveCfg = Debug|Any CPU
		{F697997F-23B0-49DC-8A06-0F448AA31E30}.Debug|x86.Build.0 = Debug|Any CPU
		{F697997F-23B0-49DC-8A06-0F448AA31E30}.Release|Any CPU.ActiveCfg = Release|Any CPU
		{F697997F-23B0-49DC-8A06-0F448AA31E30}.Release|Any CPU.Build.0 = Release|Any CPU
		{F697997F-23B0-49DC-8A06-0F448AA31E30}.Release|x64.ActiveCfg = Release|Any CPU
		{F697997F-23B0-49DC-8A06-0F448AA31E30}.Release|x64.Build.0 = Release|Any CPU
		{F697997F-23B0-49DC-8A06-0F448AA31E30}.Release|x86.ActiveCfg = Release|Any CPU
		{F697997F-23B0-49DC-8A06-0F448AA31E30}.Release|x86.Build.0 = Release|Any CPU
		{708CEB30-D819-4A5B-993A-BA9A143D3607}.Debug|Any CPU.ActiveCfg = Debug|Any CPU
		{708CEB30-D819-4A5B-993A-BA9A143D3607}.Debug|Any CPU.Build.0 = Debug|Any CPU
		{708CEB30-D819-4A5B-993A-BA9A143D3607}.Debug|x64.ActiveCfg = Debug|Any CPU
		{708CEB30-D819-4A5B-993A-BA9A143D3607}.Debug|x64.Build.0 = Debug|Any CPU
		{708CEB30-D819-4A5B-993A-BA9A143D3607}.Debug|x86.ActiveCfg = Debug|Any CPU
		{708CEB30-D819-4A5B-993A-BA9A143D3607}.Debug|x86.Build.0 = Debug|Any CPU
		{708CEB30-D819-4A5B-993A-BA9A143D3607}.Release|Any CPU.ActiveCfg = Release|Any CPU
		{708CEB30-D819-4A5B-993A-BA9A143D3607}.Release|Any CPU.Build.0 = Release|Any CPU
		{708CEB30-D819-4A5B-993A-BA9A143D3607}.Release|x64.ActiveCfg = Release|Any CPU
		{708CEB30-D819-4A5B-993A-BA9A143D3607}.Release|x64.Build.0 = Release|Any CPU
		{708CEB30-D819-4A5B-993A-BA9A143D3607}.Release|x86.ActiveCfg = Release|Any CPU
		{708CEB30-D819-4A5B-993A-BA9A143D3607}.Release|x86.Build.0 = Release|Any CPU
		{1813D0E3-90F9-4F9A-8754-85FDEA51B58F}.Debug|Any CPU.ActiveCfg = Debug|Any CPU
		{1813D0E3-90F9-4F9A-8754-85FDEA51B58F}.Debug|Any CPU.Build.0 = Debug|Any CPU
		{1813D0E3-90F9-4F9A-8754-85FDEA51B58F}.Debug|x64.ActiveCfg = Debug|Any CPU
		{1813D0E3-90F9-4F9A-8754-85FDEA51B58F}.Debug|x64.Build.0 = Debug|Any CPU
		{1813D0E3-90F9-4F9A-8754-85FDEA51B58F}.Debug|x86.ActiveCfg = Debug|Any CPU
		{1813D0E3-90F9-4F9A-8754-85FDEA51B58F}.Debug|x86.Build.0 = Debug|Any CPU
		{1813D0E3-90F9-4F9A-8754-85FDEA51B58F}.Release|Any CPU.ActiveCfg = Release|Any CPU
		{1813D0E3-90F9-4F9A-8754-85FDEA51B58F}.Release|Any CPU.Build.0 = Release|Any CPU
		{1813D0E3-90F9-4F9A-8754-85FDEA51B58F}.Release|x64.ActiveCfg = Release|Any CPU
		{1813D0E3-90F9-4F9A-8754-85FDEA51B58F}.Release|x64.Build.0 = Release|Any CPU
		{1813D0E3-90F9-4F9A-8754-85FDEA51B58F}.Release|x86.ActiveCfg = Release|Any CPU
		{1813D0E3-90F9-4F9A-8754-85FDEA51B58F}.Release|x86.Build.0 = Release|Any CPU
		{EF70ED11-B5F6-4827-B6F5-7D72FDFCCDFD}.Debug|Any CPU.ActiveCfg = Debug|Any CPU
		{EF70ED11-B5F6-4827-B6F5-7D72FDFCCDFD}.Debug|Any CPU.Build.0 = Debug|Any CPU
		{EF70ED11-B5F6-4827-B6F5-7D72FDFCCDFD}.Debug|x64.ActiveCfg = Debug|Any CPU
		{EF70ED11-B5F6-4827-B6F5-7D72FDFCCDFD}.Debug|x64.Build.0 = Debug|Any CPU
		{EF70ED11-B5F6-4827-B6F5-7D72FDFCCDFD}.Debug|x86.ActiveCfg = Debug|Any CPU
		{EF70ED11-B5F6-4827-B6F5-7D72FDFCCDFD}.Debug|x86.Build.0 = Debug|Any CPU
		{EF70ED11-B5F6-4827-B6F5-7D72FDFCCDFD}.Release|Any CPU.ActiveCfg = Release|Any CPU
		{EF70ED11-B5F6-4827-B6F5-7D72FDFCCDFD}.Release|Any CPU.Build.0 = Release|Any CPU
		{EF70ED11-B5F6-4827-B6F5-7D72FDFCCDFD}.Release|x64.ActiveCfg = Release|Any CPU
		{EF70ED11-B5F6-4827-B6F5-7D72FDFCCDFD}.Release|x64.Build.0 = Release|Any CPU
		{EF70ED11-B5F6-4827-B6F5-7D72FDFCCDFD}.Release|x86.ActiveCfg = Release|Any CPU
		{EF70ED11-B5F6-4827-B6F5-7D72FDFCCDFD}.Release|x86.Build.0 = Release|Any CPU
		{9D6DE252-8A83-4B32-8831-4E4EDA609814}.Debug|Any CPU.ActiveCfg = Debug|Any CPU
		{9D6DE252-8A83-4B32-8831-4E4EDA609814}.Debug|Any CPU.Build.0 = Debug|Any CPU
		{9D6DE252-8A83-4B32-8831-4E4EDA609814}.Debug|x64.ActiveCfg = Debug|Any CPU
		{9D6DE252-8A83-4B32-8831-4E4EDA609814}.Debug|x64.Build.0 = Debug|Any CPU
		{9D6DE252-8A83-4B32-8831-4E4EDA609814}.Debug|x86.ActiveCfg = Debug|Any CPU
		{9D6DE252-8A83-4B32-8831-4E4EDA609814}.Debug|x86.Build.0 = Debug|Any CPU
		{9D6DE252-8A83-4B32-8831-4E4EDA609814}.Release|Any CPU.ActiveCfg = Release|Any CPU
		{9D6DE252-8A83-4B32-8831-4E4EDA609814}.Release|Any CPU.Build.0 = Release|Any CPU
		{9D6DE252-8A83-4B32-8831-4E4EDA609814}.Release|x64.ActiveCfg = Release|Any CPU
		{9D6DE252-8A83-4B32-8831-4E4EDA609814}.Release|x64.Build.0 = Release|Any CPU
		{9D6DE252-8A83-4B32-8831-4E4EDA609814}.Release|x86.ActiveCfg = Release|Any CPU
		{9D6DE252-8A83-4B32-8831-4E4EDA609814}.Release|x86.Build.0 = Release|Any CPU
		{06FF750D-64EA-4E32-92EC-A71D3B5376C3}.Debug|Any CPU.ActiveCfg = Debug|Any CPU
		{06FF750D-64EA-4E32-92EC-A71D3B5376C3}.Debug|Any CPU.Build.0 = Debug|Any CPU
		{06FF750D-64EA-4E32-92EC-A71D3B5376C3}.Debug|x64.ActiveCfg = Debug|Any CPU
		{06FF750D-64EA-4E32-92EC-A71D3B5376C3}.Debug|x64.Build.0 = Debug|Any CPU
		{06FF750D-64EA-4E32-92EC-A71D3B5376C3}.Debug|x86.ActiveCfg = Debug|Any CPU
		{06FF750D-64EA-4E32-92EC-A71D3B5376C3}.Debug|x86.Build.0 = Debug|Any CPU
		{06FF750D-64EA-4E32-92EC-A71D3B5376C3}.Release|Any CPU.ActiveCfg = Release|Any CPU
		{06FF750D-64EA-4E32-92EC-A71D3B5376C3}.Release|Any CPU.Build.0 = Release|Any CPU
		{06FF750D-64EA-4E32-92EC-A71D3B5376C3}.Release|x64.ActiveCfg = Release|Any CPU
		{06FF750D-64EA-4E32-92EC-A71D3B5376C3}.Release|x64.Build.0 = Release|Any CPU
		{06FF750D-64EA-4E32-92EC-A71D3B5376C3}.Release|x86.ActiveCfg = Release|Any CPU
		{06FF750D-64EA-4E32-92EC-A71D3B5376C3}.Release|x86.Build.0 = Release|Any CPU
	EndGlobalSection
	GlobalSection(SolutionProperties) = preSolution
		HideSolutionNode = FALSE
	EndGlobalSection
	GlobalSection(ExtensibilityGlobals) = postSolution
		SolutionGuid = {AE80FC8A-9A25-446A-95CE-AB63B16C29B7}
	EndGlobalSection
EndGlobal
