
Microsoft Visual Studio Solution File, Format Version 12.00
# Visual Studio Version 16
VisualStudioVersion = 16.0.28803.202
MinimumVisualStudioVersion = 15.0.0.0
Project("{9A19103F-16F7-4668-BE54-9A1E7A4F7556}") = "QuantConnect.Logging", "Logging\QuantConnect.Logging.csproj", "{7660E374-116A-43DC-B78C-5AA2E0D28C52}"
EndProject
Project("{9A19103F-16F7-4668-BE54-9A1E7A4F7556}") = "QuantConnect.Configuration", "Configuration\QuantConnect.Configuration.csproj", "{AAA0CB59-1090-4DF7-92FC-70DEED9B3BCB}"
	ProjectSection(ProjectDependencies) = postProject
		{7660E374-116A-43DC-B78C-5AA2E0D28C52} = {7660E374-116A-43DC-B78C-5AA2E0D28C52}
	EndProjectSection
EndProject
Project("{9A19103F-16F7-4668-BE54-9A1E7A4F7556}") = "QuantConnect", "Common\QuantConnect.csproj", "{5158E86B-8DCA-4431-A12E-66C9730D46A1}"
EndProject
Project("{9A19103F-16F7-4668-BE54-9A1E7A4F7556}") = "Python.Runtime", "FakePythonNet\Python.Runtime.csproj", "{85DC533E-E219-4E58-B212-7589B8926C92}"
EndProject
Project("{9A19103F-16F7-4668-BE54-9A1E7A4F7556}") = "QuantConnect.Indicators", "Indicators\QuantConnect.Indicators.csproj", "{91AEB942-B72E-4504-ACFD-973AC9795FFE}"
	ProjectSection(ProjectDependencies) = postProject
		{AAA0CB59-1090-4DF7-92FC-70DEED9B3BCB} = {AAA0CB59-1090-4DF7-92FC-70DEED9B3BCB}
		{5158E86B-8DCA-4431-A12E-66C9730D46A1} = {5158E86B-8DCA-4431-A12E-66C9730D46A1}
		{7660E374-116A-43DC-B78C-5AA2E0D28C52} = {7660E374-116A-43DC-B78C-5AA2E0D28C52}
	EndProjectSection
EndProject
Project("{9A19103F-16F7-4668-BE54-9A1E7A4F7556}") = "QuantConnect.Algorithm", "Algorithm\QuantConnect.Algorithm.csproj", "{D335B1C8-2DF1-4491-9F5D-83F9557D4448}"
	ProjectSection(ProjectDependencies) = postProject
		{91AEB942-B72E-4504-ACFD-973AC9795FFE} = {91AEB942-B72E-4504-ACFD-973AC9795FFE}
		{AAA0CB59-1090-4DF7-92FC-70DEED9B3BCB} = {AAA0CB59-1090-4DF7-92FC-70DEED9B3BCB}
		{5158E86B-8DCA-4431-A12E-66C9730D46A1} = {5158E86B-8DCA-4431-A12E-66C9730D46A1}
		{7660E374-116A-43DC-B78C-5AA2E0D28C52} = {7660E374-116A-43DC-B78C-5AA2E0D28C52}
	EndProjectSection
EndProject
Project("{9A19103F-16F7-4668-BE54-9A1E7A4F7556}") = "TempHelper", "TempHelper\TempHelper.csproj", "{E33DAA27-08AB-4485-B666-9EFEAAD0FA57}"
EndProject
Project("{9A19103F-16F7-4668-BE54-9A1E7A4F7556}") = "QuantConnect.Algorithm.Framework", "Algorithm.Framework\QuantConnect.Algorithm.Framework.csproj", "{6A99784F-25B6-4ECE-AA7E-3A6AEA9D3BA7}"
	ProjectSection(ProjectDependencies) = postProject
		{91AEB942-B72E-4504-ACFD-973AC9795FFE} = {91AEB942-B72E-4504-ACFD-973AC9795FFE}
		{5158E86B-8DCA-4431-A12E-66C9730D46A1} = {5158E86B-8DCA-4431-A12E-66C9730D46A1}
		{D335B1C8-2DF1-4491-9F5D-83F9557D4448} = {D335B1C8-2DF1-4491-9F5D-83F9557D4448}
	EndProjectSection
EndProject
Project("{9A19103F-16F7-4668-BE54-9A1E7A4F7556}") = "QuantConnect.Algorithm.CSharp", "Algorithm.CSharp\QuantConnect.Algorithm.CSharp.csproj", "{D15A5E6A-8CD1-4A8A-AF0B-58957C18DB46}"
	ProjectSection(ProjectDependencies) = postProject
		{91AEB942-B72E-4504-ACFD-973AC9795FFE} = {91AEB942-B72E-4504-ACFD-973AC9795FFE}
		{6A99784F-25B6-4ECE-AA7E-3A6AEA9D3BA7} = {6A99784F-25B6-4ECE-AA7E-3A6AEA9D3BA7}
		{5158E86B-8DCA-4431-A12E-66C9730D46A1} = {5158E86B-8DCA-4431-A12E-66C9730D46A1}
		{D335B1C8-2DF1-4491-9F5D-83F9557D4448} = {D335B1C8-2DF1-4491-9F5D-83F9557D4448}
	EndProjectSection
EndProject
Project("{9A19103F-16F7-4668-BE54-9A1E7A4F7556}") = "QuantConnect.AlgorithmFactory", "AlgorithmFactory\QuantConnect.AlgorithmFactory.csproj", "{93FB12B1-91F2-487C-A273-008A67FA7249}"
	ProjectSection(ProjectDependencies) = postProject
		{AAA0CB59-1090-4DF7-92FC-70DEED9B3BCB} = {AAA0CB59-1090-4DF7-92FC-70DEED9B3BCB}
		{5158E86B-8DCA-4431-A12E-66C9730D46A1} = {5158E86B-8DCA-4431-A12E-66C9730D46A1}
		{7660E374-116A-43DC-B78C-5AA2E0D28C52} = {7660E374-116A-43DC-B78C-5AA2E0D28C52}
		{D335B1C8-2DF1-4491-9F5D-83F9557D4448} = {D335B1C8-2DF1-4491-9F5D-83F9557D4448}
	EndProjectSection
EndProject
Project("{9A19103F-16F7-4668-BE54-9A1E7A4F7556}") = "QuantConnect.Api", "Api\QuantConnect.Api.csproj", "{0E45DD1E-105F-4EC7-AB5E-C9967DA92F9A}"
	ProjectSection(ProjectDependencies) = postProject
		{AAA0CB59-1090-4DF7-92FC-70DEED9B3BCB} = {AAA0CB59-1090-4DF7-92FC-70DEED9B3BCB}
		{5158E86B-8DCA-4431-A12E-66C9730D46A1} = {5158E86B-8DCA-4431-A12E-66C9730D46A1}
		{7660E374-116A-43DC-B78C-5AA2E0D28C52} = {7660E374-116A-43DC-B78C-5AA2E0D28C52}
	EndProjectSection
EndProject
Project("{9A19103F-16F7-4668-BE54-9A1E7A4F7556}") = "QuantConnect.Compression", "Compression\QuantConnect.Compression.csproj", "{35F701C5-3C24-4D88-B42C-735E36E7E951}"
	ProjectSection(ProjectDependencies) = postProject
		{5158E86B-8DCA-4431-A12E-66C9730D46A1} = {5158E86B-8DCA-4431-A12E-66C9730D46A1}
		{7660E374-116A-43DC-B78C-5AA2E0D28C52} = {7660E374-116A-43DC-B78C-5AA2E0D28C52}
	EndProjectSection
EndProject
Project("{9A19103F-16F7-4668-BE54-9A1E7A4F7556}") = "QuantConnect.Brokerages", "Brokerages\QuantConnect.Brokerages.csproj", "{1FE4AE1C-65E9-406F-88C4-3522C7783714}"
	ProjectSection(ProjectDependencies) = postProject
		{0E45DD1E-105F-4EC7-AB5E-C9967DA92F9A} = {0E45DD1E-105F-4EC7-AB5E-C9967DA92F9A}
		{AAA0CB59-1090-4DF7-92FC-70DEED9B3BCB} = {AAA0CB59-1090-4DF7-92FC-70DEED9B3BCB}
		{5158E86B-8DCA-4431-A12E-66C9730D46A1} = {5158E86B-8DCA-4431-A12E-66C9730D46A1}
		{7660E374-116A-43DC-B78C-5AA2E0D28C52} = {7660E374-116A-43DC-B78C-5AA2E0D28C52}
		{35F701C5-3C24-4D88-B42C-735E36E7E951} = {35F701C5-3C24-4D88-B42C-735E36E7E951}
	EndProjectSection
EndProject
Project("{9A19103F-16F7-4668-BE54-9A1E7A4F7556}") = "QuantConnect.Queues", "Queues\QuantConnect.Queues.csproj", "{B5865E00-CE41-413C-8DA2-4DBA49C73283}"
	ProjectSection(ProjectDependencies) = postProject
		{AAA0CB59-1090-4DF7-92FC-70DEED9B3BCB} = {AAA0CB59-1090-4DF7-92FC-70DEED9B3BCB}
		{5158E86B-8DCA-4431-A12E-66C9730D46A1} = {5158E86B-8DCA-4431-A12E-66C9730D46A1}
		{7660E374-116A-43DC-B78C-5AA2E0D28C52} = {7660E374-116A-43DC-B78C-5AA2E0D28C52}
	EndProjectSection
EndProject
Project("{9A19103F-16F7-4668-BE54-9A1E7A4F7556}") = "QuantConnect.Messaging", "Messaging\QuantConnect.Messaging.csproj", "{239931FB-8E7B-4DF0-B00C-9D14AC7529A4}"
EndProject
Project("{9A19103F-16F7-4668-BE54-9A1E7A4F7556}") = "QuantConnect.Lean.Engine", "Engine\QuantConnect.Lean.Engine.csproj", "{EBBC1718-F9C7-40D8-9B0E-5DFF3F9C7A54}"
EndProject
Project("{9A19103F-16F7-4668-BE54-9A1E7A4F7556}") = "QuantConnect.Lean.Launcher", "Launcher\QuantConnect.Lean.Launcher.csproj", "{50214331-C7FF-488D-8834-BA5FFDC6F367}"
EndProject
Global
	GlobalSection(SolutionConfigurationPlatforms) = preSolution
		Debug|Any CPU = Debug|Any CPU
		Release|Any CPU = Release|Any CPU
	EndGlobalSection
	GlobalSection(ProjectConfigurationPlatforms) = postSolution
		{7660E374-116A-43DC-B78C-5AA2E0D28C52}.Debug|Any CPU.ActiveCfg = Debug|Any CPU
		{7660E374-116A-43DC-B78C-5AA2E0D28C52}.Debug|Any CPU.Build.0 = Debug|Any CPU
		{7660E374-116A-43DC-B78C-5AA2E0D28C52}.Release|Any CPU.ActiveCfg = Release|Any CPU
		{7660E374-116A-43DC-B78C-5AA2E0D28C52}.Release|Any CPU.Build.0 = Release|Any CPU
		{AAA0CB59-1090-4DF7-92FC-70DEED9B3BCB}.Debug|Any CPU.ActiveCfg = Debug|Any CPU
		{AAA0CB59-1090-4DF7-92FC-70DEED9B3BCB}.Debug|Any CPU.Build.0 = Debug|Any CPU
		{AAA0CB59-1090-4DF7-92FC-70DEED9B3BCB}.Release|Any CPU.ActiveCfg = Release|Any CPU
		{AAA0CB59-1090-4DF7-92FC-70DEED9B3BCB}.Release|Any CPU.Build.0 = Release|Any CPU
		{5158E86B-8DCA-4431-A12E-66C9730D46A1}.Debug|Any CPU.ActiveCfg = Debug|Any CPU
		{5158E86B-8DCA-4431-A12E-66C9730D46A1}.Debug|Any CPU.Build.0 = Debug|Any CPU
		{5158E86B-8DCA-4431-A12E-66C9730D46A1}.Release|Any CPU.ActiveCfg = Release|Any CPU
		{5158E86B-8DCA-4431-A12E-66C9730D46A1}.Release|Any CPU.Build.0 = Release|Any CPU
		{85DC533E-E219-4E58-B212-7589B8926C92}.Debug|Any CPU.ActiveCfg = Debug|Any CPU
		{85DC533E-E219-4E58-B212-7589B8926C92}.Debug|Any CPU.Build.0 = Debug|Any CPU
		{85DC533E-E219-4E58-B212-7589B8926C92}.Release|Any CPU.ActiveCfg = Release|Any CPU
		{85DC533E-E219-4E58-B212-7589B8926C92}.Release|Any CPU.Build.0 = Release|Any CPU
		{91AEB942-B72E-4504-ACFD-973AC9795FFE}.Debug|Any CPU.ActiveCfg = Debug|Any CPU
		{91AEB942-B72E-4504-ACFD-973AC9795FFE}.Debug|Any CPU.Build.0 = Debug|Any CPU
		{91AEB942-B72E-4504-ACFD-973AC9795FFE}.Release|Any CPU.ActiveCfg = Release|Any CPU
		{91AEB942-B72E-4504-ACFD-973AC9795FFE}.Release|Any CPU.Build.0 = Release|Any CPU
		{D335B1C8-2DF1-4491-9F5D-83F9557D4448}.Debug|Any CPU.ActiveCfg = Debug|Any CPU
		{D335B1C8-2DF1-4491-9F5D-83F9557D4448}.Debug|Any CPU.Build.0 = Debug|Any CPU
		{D335B1C8-2DF1-4491-9F5D-83F9557D4448}.Release|Any CPU.ActiveCfg = Release|Any CPU
		{D335B1C8-2DF1-4491-9F5D-83F9557D4448}.Release|Any CPU.Build.0 = Release|Any CPU
		{E33DAA27-08AB-4485-B666-9EFEAAD0FA57}.Debug|Any CPU.ActiveCfg = Debug|Any CPU
		{E33DAA27-08AB-4485-B666-9EFEAAD0FA57}.Debug|Any CPU.Build.0 = Debug|Any CPU
		{E33DAA27-08AB-4485-B666-9EFEAAD0FA57}.Release|Any CPU.ActiveCfg = Release|Any CPU
		{E33DAA27-08AB-4485-B666-9EFEAAD0FA57}.Release|Any CPU.Build.0 = Release|Any CPU
		{6A99784F-25B6-4ECE-AA7E-3A6AEA9D3BA7}.Debug|Any CPU.ActiveCfg = Debug|Any CPU
		{6A99784F-25B6-4ECE-AA7E-3A6AEA9D3BA7}.Debug|Any CPU.Build.0 = Debug|Any CPU
		{6A99784F-25B6-4ECE-AA7E-3A6AEA9D3BA7}.Release|Any CPU.ActiveCfg = Release|Any CPU
		{6A99784F-25B6-4ECE-AA7E-3A6AEA9D3BA7}.Release|Any CPU.Build.0 = Release|Any CPU
		{D15A5E6A-8CD1-4A8A-AF0B-58957C18DB46}.Debug|Any CPU.ActiveCfg = Debug|Any CPU
		{D15A5E6A-8CD1-4A8A-AF0B-58957C18DB46}.Debug|Any CPU.Build.0 = Debug|Any CPU
		{D15A5E6A-8CD1-4A8A-AF0B-58957C18DB46}.Release|Any CPU.ActiveCfg = Release|Any CPU
		{D15A5E6A-8CD1-4A8A-AF0B-58957C18DB46}.Release|Any CPU.Build.0 = Release|Any CPU
		{93FB12B1-91F2-487C-A273-008A67FA7249}.Debug|Any CPU.ActiveCfg = Debug|Any CPU
		{93FB12B1-91F2-487C-A273-008A67FA7249}.Debug|Any CPU.Build.0 = Debug|Any CPU
		{93FB12B1-91F2-487C-A273-008A67FA7249}.Release|Any CPU.ActiveCfg = Release|Any CPU
		{93FB12B1-91F2-487C-A273-008A67FA7249}.Release|Any CPU.Build.0 = Release|Any CPU
		{0E45DD1E-105F-4EC7-AB5E-C9967DA92F9A}.Debug|Any CPU.ActiveCfg = Debug|Any CPU
		{0E45DD1E-105F-4EC7-AB5E-C9967DA92F9A}.Debug|Any CPU.Build.0 = Debug|Any CPU
		{0E45DD1E-105F-4EC7-AB5E-C9967DA92F9A}.Release|Any CPU.ActiveCfg = Release|Any CPU
		{0E45DD1E-105F-4EC7-AB5E-C9967DA92F9A}.Release|Any CPU.Build.0 = Release|Any CPU
		{35F701C5-3C24-4D88-B42C-735E36E7E951}.Debug|Any CPU.ActiveCfg = Debug|Any CPU
		{35F701C5-3C24-4D88-B42C-735E36E7E951}.Debug|Any CPU.Build.0 = Debug|Any CPU
		{35F701C5-3C24-4D88-B42C-735E36E7E951}.Release|Any CPU.ActiveCfg = Release|Any CPU
		{35F701C5-3C24-4D88-B42C-735E36E7E951}.Release|Any CPU.Build.0 = Release|Any CPU
		{1FE4AE1C-65E9-406F-88C4-3522C7783714}.Debug|Any CPU.ActiveCfg = Debug|Any CPU
		{1FE4AE1C-65E9-406F-88C4-3522C7783714}.Debug|Any CPU.Build.0 = Debug|Any CPU
		{1FE4AE1C-65E9-406F-88C4-3522C7783714}.Release|Any CPU.ActiveCfg = Release|Any CPU
		{1FE4AE1C-65E9-406F-88C4-3522C7783714}.Release|Any CPU.Build.0 = Release|Any CPU
		{B5865E00-CE41-413C-8DA2-4DBA49C73283}.Debug|Any CPU.ActiveCfg = Debug|Any CPU
		{B5865E00-CE41-413C-8DA2-4DBA49C73283}.Debug|Any CPU.Build.0 = Debug|Any CPU
		{B5865E00-CE41-413C-8DA2-4DBA49C73283}.Release|Any CPU.ActiveCfg = Release|Any CPU
		{B5865E00-CE41-413C-8DA2-4DBA49C73283}.Release|Any CPU.Build.0 = Release|Any CPU
		{239931FB-8E7B-4DF0-B00C-9D14AC7529A4}.Debug|Any CPU.ActiveCfg = Debug|Any CPU
		{239931FB-8E7B-4DF0-B00C-9D14AC7529A4}.Debug|Any CPU.Build.0 = Debug|Any CPU
		{239931FB-8E7B-4DF0-B00C-9D14AC7529A4}.Release|Any CPU.ActiveCfg = Release|Any CPU
		{239931FB-8E7B-4DF0-B00C-9D14AC7529A4}.Release|Any CPU.Build.0 = Release|Any CPU
		{EBBC1718-F9C7-40D8-9B0E-5DFF3F9C7A54}.Debug|Any CPU.ActiveCfg = Debug|Any CPU
		{EBBC1718-F9C7-40D8-9B0E-5DFF3F9C7A54}.Debug|Any CPU.Build.0 = Debug|Any CPU
		{EBBC1718-F9C7-40D8-9B0E-5DFF3F9C7A54}.Release|Any CPU.ActiveCfg = Release|Any CPU
		{EBBC1718-F9C7-40D8-9B0E-5DFF3F9C7A54}.Release|Any CPU.Build.0 = Release|Any CPU
		{50214331-C7FF-488D-8834-BA5FFDC6F367}.Debug|Any CPU.ActiveCfg = Debug|Any CPU
		{50214331-C7FF-488D-8834-BA5FFDC6F367}.Debug|Any CPU.Build.0 = Debug|Any CPU
		{50214331-C7FF-488D-8834-BA5FFDC6F367}.Release|Any CPU.ActiveCfg = Release|Any CPU
		{50214331-C7FF-488D-8834-BA5FFDC6F367}.Release|Any CPU.Build.0 = Release|Any CPU
	EndGlobalSection
	GlobalSection(SolutionProperties) = preSolution
		HideSolutionNode = FALSE
	EndGlobalSection
	GlobalSection(ExtensibilityGlobals) = postSolution
		SolutionGuid = {904CB273-DAB0-41E0-BA57-840C2A6D4DFA}
	EndGlobalSection
EndGlobal
