
Microsoft Visual Studio Solution File, Format Version 12.00
# Visual Studio 2013
VisualStudioVersion = 12.0.31101.0
MinimumVisualStudioVersion = 10.0.40219.1
Project("{FAE04EC0-301F-11D3-BF4B-00C04F79EFBC}") = "QuantConnect.ToolBox", "QuantConnect.ToolBox\QuantConnect.ToolBox.csproj", "{AC9A142C-B485-44D7-91FF-015C22C43D05}"
EndProject
Project("{FAE04EC0-301F-11D3-BF4B-00C04F79EFBC}") = "QuantConnect.QuantQuote", "QuantConnect.QuantQuote\QuantConnect.QuantQuote.csproj", "{5C3C7291-9DF4-4398-99B8-D0E1696408E9}"
EndProject
Project("{FAE04EC0-301F-11D3-BF4B-00C04F79EFBC}") = "QuantConnect.OandaDownloader", "QuantConnect.OandaDownloader\QuantConnect.OandaDownloader.csproj", "{53571A91-B351-4ACA-842A-FB16E7782A50}"
EndProject
Project("{FAE04EC0-301F-11D3-BF4B-00C04F79EFBC}") = "QuantConnect.DukascopyDownloader", "QuantConnect.DukascopyDownloader\QuantConnect.DukascopyDownloader.csproj", "{6D72FCA6-CBFA-4BDB-93BD-261AE143C4AF}"
EndProject
Global
	GlobalSection(SolutionConfigurationPlatforms) = preSolution
		Debug|Any CPU = Debug|Any CPU
		Release|Any CPU = Release|Any CPU
	EndGlobalSection
	GlobalSection(ProjectConfigurationPlatforms) = postSolution
		{AC9A142C-B485-44D7-91FF-015C22C43D05}.Debug|Any CPU.ActiveCfg = Debug|Any CPU
		{AC9A142C-B485-44D7-91FF-015C22C43D05}.Debug|Any CPU.Build.0 = Debug|Any CPU
		{AC9A142C-B485-44D7-91FF-015C22C43D05}.Release|Any CPU.ActiveCfg = Release|Any CPU
		{AC9A142C-B485-44D7-91FF-015C22C43D05}.Release|Any CPU.Build.0 = Release|Any CPU
		{5C3C7291-9DF4-4398-99B8-D0E1696408E9}.Debug|Any CPU.ActiveCfg = Debug|Any CPU
		{5C3C7291-9DF4-4398-99B8-D0E1696408E9}.Debug|Any CPU.Build.0 = Debug|Any CPU
		{5C3C7291-9DF4-4398-99B8-D0E1696408E9}.Release|Any CPU.ActiveCfg = Release|Any CPU
		{5C3C7291-9DF4-4398-99B8-D0E1696408E9}.Release|Any CPU.Build.0 = Release|Any CPU
		{53571A91-B351-4ACA-842A-FB16E7782A50}.Debug|Any CPU.ActiveCfg = Debug|Any CPU
		{53571A91-B351-4ACA-842A-FB16E7782A50}.Debug|Any CPU.Build.0 = Debug|Any CPU
		{53571A91-B351-4ACA-842A-FB16E7782A50}.Release|Any CPU.ActiveCfg = Release|Any CPU
		{53571A91-B351-4ACA-842A-FB16E7782A50}.Release|Any CPU.Build.0 = Release|Any CPU
		{6D72FCA6-CBFA-4BDB-93BD-261AE143C4AF}.Debug|Any CPU.ActiveCfg = Debug|Any CPU
		{6D72FCA6-CBFA-4BDB-93BD-261AE143C4AF}.Debug|Any CPU.Build.0 = Debug|Any CPU
		{6D72FCA6-CBFA-4BDB-93BD-261AE143C4AF}.Release|Any CPU.ActiveCfg = Release|Any CPU
		{6D72FCA6-CBFA-4BDB-93BD-261AE143C4AF}.Release|Any CPU.Build.0 = Release|Any CPU
	EndGlobalSection
	GlobalSection(SolutionProperties) = preSolution
		HideSolutionNode = FALSE
	EndGlobalSection
EndGlobal
